
Microsoft Visual Studio Solution File, Format Version 12.00
# Visual Studio 15
VisualStudioVersion = 15.0.27428.2037
MinimumVisualStudioVersion = 10.0.40219.1
Project("{9092AA53-FB77-4645-B42D-1CCCA6BD08BD}") = "CheckHostNamePattern2", "CheckHostNamePattern2\CheckHostNamePattern2.njsproj", "{A7B4C7FC-376A-4BA8-99A1-D4794BCFB51A}"
EndProject
Global
	GlobalSection(SolutionConfigurationPlatforms) = preSolution
		Debug|Any CPU = Debug|Any CPU
		Release|Any CPU = Release|Any CPU
	EndGlobalSection
	GlobalSection(ProjectConfigurationPlatforms) = postSolution
		{A7B4C7FC-376A-4BA8-99A1-D4794BCFB51A}.Debug|Any CPU.ActiveCfg = Debug|Any CPU
		{A7B4C7FC-376A-4BA8-99A1-D4794BCFB51A}.Debug|Any CPU.Build.0 = Debug|Any CPU
		{A7B4C7FC-376A-4BA8-99A1-D4794BCFB51A}.Release|Any CPU.ActiveCfg = Release|Any CPU
		{A7B4C7FC-376A-4BA8-99A1-D4794BCFB51A}.Release|Any CPU.Build.0 = Release|Any CPU
	EndGlobalSection
	GlobalSection(SolutionProperties) = preSolution
		HideSolutionNode = FALSE
	EndGlobalSection
	GlobalSection(ExtensibilityGlobals) = postSolution
		SolutionGuid = {AAD0FCD5-78E6-41E2-BC5A-F9044B5115AA}
	EndGlobalSection
EndGlobal
